{
  "lib/LayerZero-v2": {
    "rev": "142846c3d6d51e3c2a0852c41b4c2b63fcda5a0a"
  },
  "lib/axelar-gmp-sdk-solidity": {
    "rev": "3157ba4f704de408e356ad8236b5d81bbc82d7cb"
  },
  "lib/forge-std": {
    "rev": "8bbcf6e3f8f62f419e5429a0bd89331c85c37824"
  },
  "lib/gelato-automate": {
    "rev": "ae1caca8c4341532213dbb088555e13a5e1e443e"
  },
  "lib/openzeppelin-contracts": {
    "rev": "e50c24f5839db17f46991478384bfda14acfb830"
  }
}